
Microsoft Visual Studio Solution File, Format Version 12.00
# Visual Studio Version 17
VisualStudioVersion = 17.5.002.0
MinimumVisualStudioVersion = 10.0.40219.1
Project("{9A19103F-16F7-4668-BE54-9A1E7A4F7556}") = "HoneyRaesAPI", "HoneyRaesAPI.csproj", "{C7AE8EA3-AE92-49CA-94EB-B5674C59FDAE}"
EndProject
Global
	GlobalSection(SolutionConfigurationPlatforms) = preSolution
		Debug|Any CPU = Debug|Any CPU
		Release|Any CPU = Release|Any CPU
	EndGlobalSection
	GlobalSection(ProjectConfigurationPlatforms) = postSolution
		{C7AE8EA3-AE92-49CA-94EB-B5674C59FDAE}.Debug|Any CPU.ActiveCfg = Debug|Any CPU
		{C7AE8EA3-AE92-49CA-94EB-B5674C59FDAE}.Debug|Any CPU.Build.0 = Debug|Any CPU
		{C7AE8EA3-AE92-49CA-94EB-B5674C59FDAE}.Release|Any CPU.ActiveCfg = Release|Any CPU
		{C7AE8EA3-AE92-49CA-94EB-B5674C59FDAE}.Release|Any CPU.Build.0 = Release|Any CPU
	EndGlobalSection
	GlobalSection(SolutionProperties) = preSolution
		HideSolutionNode = FALSE
	EndGlobalSection
	GlobalSection(ExtensibilityGlobals) = postSolution
		SolutionGuid = {88C50A75-C0CF-425E-906E-05495B230384}
	EndGlobalSection
EndGlobal
